
Microsoft Visual Studio Solution File, Format Version 12.00
# Visual Studio Version 17
VisualStudioVersion = 17.5.33424.131
MinimumVisualStudioVersion = 10.0.40219.1
Project("{FAE04EC0-301F-11D3-BF4B-00C04F79EFBC}") = "BlokSheme", "BlokSheme.csproj", "{B8D07D11-F54C-4340-9A2B-F5FCAD7B6981}"
EndProject
Global
	GlobalSection(SolutionConfigurationPlatforms) = preSolution
		Debug|Any CPU = Debug|Any CPU
		Release|Any CPU = Release|Any CPU
	EndGlobalSection
	GlobalSection(ProjectConfigurationPlatforms) = postSolution
		{B8D07D11-F54C-4340-9A2B-F5FCAD7B6981}.Debug|Any CPU.ActiveCfg = Debug|Any CPU
		{B8D07D11-F54C-4340-9A2B-F5FCAD7B6981}.Debug|Any CPU.Build.0 = Debug|Any CPU
		{B8D07D11-F54C-4340-9A2B-F5FCAD7B6981}.Release|Any CPU.ActiveCfg = Release|Any CPU
		{B8D07D11-F54C-4340-9A2B-F5FCAD7B6981}.Release|Any CPU.Build.0 = Release|Any CPU
	EndGlobalSection
	GlobalSection(SolutionProperties) = preSolution
		HideSolutionNode = FALSE
	EndGlobalSection
	GlobalSection(ExtensibilityGlobals) = postSolution
		SolutionGuid = {EC99902D-BAE5-4A95-A08B-D84956FAACDC}
	EndGlobalSection
EndGlobal
