
Microsoft Visual Studio Solution File, Format Version 12.00
# Visual Studio Version 17
VisualStudioVersion = 17.5.33424.131
MinimumVisualStudioVersion = 10.0.40219.1
Project("{FAE04EC0-301F-11D3-BF4B-00C04F79EFBC}") = "Module8.Z2", "Module8.Z2.csproj", "{CA495434-E93C-4ADF-846D-C36AF5BAA22B}"
EndProject
Global
	GlobalSection(SolutionConfigurationPlatforms) = preSolution
		Debug|Any CPU = Debug|Any CPU
		Release|Any CPU = Release|Any CPU
	EndGlobalSection
	GlobalSection(ProjectConfigurationPlatforms) = postSolution
		{CA495434-E93C-4ADF-846D-C36AF5BAA22B}.Debug|Any CPU.ActiveCfg = Debug|Any CPU
		{CA495434-E93C-4ADF-846D-C36AF5BAA22B}.Debug|Any CPU.Build.0 = Debug|Any CPU
		{CA495434-E93C-4ADF-846D-C36AF5BAA22B}.Release|Any CPU.ActiveCfg = Release|Any CPU
		{CA495434-E93C-4ADF-846D-C36AF5BAA22B}.Release|Any CPU.Build.0 = Release|Any CPU
	EndGlobalSection
	GlobalSection(SolutionProperties) = preSolution
		HideSolutionNode = FALSE
	EndGlobalSection
	GlobalSection(ExtensibilityGlobals) = postSolution
		SolutionGuid = {BFF09024-7805-471F-B67B-8D1CDE6A9D43}
	EndGlobalSection
EndGlobal
